// !$*UTF8*$!
{
	archiveVersion = 1;
	classes = {
	};
	objectVersion = 50;
	objects = {

/* Begin PBXBuildFile section */
		9847DEBA2A37A3ED002D28F5 /* restartAppApp.swift in Sources */ = {isa = PBXBuildFile; fileRef = 9847DEB92A37A3ED002D28F5 /* restartAppApp.swift */; };
		9847DEBC2A37A3ED002D28F5 /* ContentView.swift in Sources */ = {isa = PBXBuildFile; fileRef = 9847DEBB2A37A3ED002D28F5 /* ContentView.swift */; };
		9847DEBE2A37A3FA002D28F5 /* Assets.xcassets in Resources */ = {isa = PBXBuildFile; fileRef = 9847DEBD2A37A3FA002D28F5 /* Assets.xcassets */; };
		9847DEC12A37A3FA002D28F5 /* Preview Assets.xcassets in Resources */ = {isa = PBXBuildFile; fileRef = 9847DEC02A37A3FA002D28F5 /* Preview Assets.xcassets */; };
		9847DECB2A37A5D1002D28F5 /* success.m4a in Resources */ = {isa = PBXBuildFile; fileRef = 9847DEC92A37A5D1002D28F5 /* success.m4a */; };
		9847DECC2A37A5D1002D28F5 /* chimeup.mp3 in Resources */ = {isa = PBXBuildFile; fileRef = 9847DECA2A37A5D1002D28F5 /* chimeup.mp3 */; };
		9847DED92A37A8D1002D28F5 /* OnboardingView.swift in Sources */ = {isa = PBXBuildFile; fileRef = 9847DED82A37A8D1002D28F5 /* OnboardingView.swift */; };
		9847DEDC2A37A8EA002D28F5 /* HomeView.swift in Sources */ = {isa = PBXBuildFile; fileRef = 9847DEDB2A37A8EA002D28F5 /* HomeView.swift */; };
/* End PBXBuildFile section */

/* Begin PBXFileReference section */
		9847DEB62A37A3ED002D28F5 /* restartApp.app */ = {isa = PBXFileReference; explicitFileType = wrapper.application; includeInIndex = 0; path = restartApp.app; sourceTree = BUILT_PRODUCTS_DIR; };
		9847DEB92A37A3ED002D28F5 /* restartAppApp.swift */ = {isa = PBXFileReference; lastKnownFileType = sourcecode.swift; path = restartAppApp.swift; sourceTree = "<group>"; };
		9847DEBB2A37A3ED002D28F5 /* ContentView.swift */ = {isa = PBXFileReference; lastKnownFileType = sourcecode.swift; path = ContentView.swift; sourceTree = "<group>"; };
		9847DEBD2A37A3FA002D28F5 /* Assets.xcassets */ = {isa = PBXFileReference; lastKnownFileType = folder.assetcatalog; path = Assets.xcassets; sourceTree = "<group>"; };
		9847DEC02A37A3FA002D28F5 /* Preview Assets.xcassets */ = {isa = PBXFileReference; lastKnownFileType = folder.assetcatalog; path = "Preview Assets.xcassets"; sourceTree = "<group>"; };
		9847DEC22A37A3FA002D28F5 /* Info.plist */ = {isa = PBXFileReference; lastKnownFileType = text.plist.xml; path = Info.plist; sourceTree = "<group>"; };
		9847DEC92A37A5D1002D28F5 /* success.m4a */ = {isa = PBXFileReference; lastKnownFileType = file; path = success.m4a; sourceTree = "<group>"; };
		9847DECA2A37A5D1002D28F5 /* chimeup.mp3 */ = {isa = PBXFileReference; lastKnownFileType = audio.mp3; path = chimeup.mp3; sourceTree = "<group>"; };
		9847DED82A37A8D1002D28F5 /* OnboardingView.swift */ = {isa = PBXFileReference; lastKnownFileType = sourcecode.swift; path = OnboardingView.swift; sourceTree = "<group>"; };
		9847DEDB2A37A8EA002D28F5 /* HomeView.swift */ = {isa = PBXFileReference; lastKnownFileType = sourcecode.swift; path = HomeView.swift; sourceTree = "<group>"; };
/* End PBXFileReference section */

/* Begin PBXFrameworksBuildPhase section */
		9847DEB32A37A3ED002D28F5 /* Frameworks */ = {
			isa = PBXFrameworksBuildPhase;
			buildActionMask = 2147483647;
			files = (
			);
			runOnlyForDeploymentPostprocessing = 0;
		};
/* End PBXFrameworksBuildPhase section */

/* Begin PBXGroup section */
		9847DEAD2A37A3ED002D28F5 = {
			isa = PBXGroup;
			children = (
				9847DEB82A37A3ED002D28F5 /* restartApp */,
				9847DEB72A37A3ED002D28F5 /* Products */,
			);
			sourceTree = "<group>";
		};
		9847DEB72A37A3ED002D28F5 /* Products */ = {
			isa = PBXGroup;
			children = (
				9847DEB62A37A3ED002D28F5 /* restartApp.app */,
			);
			name = Products;
			sourceTree = "<group>";
		};
		9847DEB82A37A3ED002D28F5 /* restartApp */ = {
			isa = PBXGroup;
			children = (
				9847DED32A37A6FC002D28F5 /* Utils */,
				9847DED22A37A6EE002D28F5 /* Views */,
				9847DECE2A37A5DE002D28F5 /* Sounds */,
				9847DEB92A37A3ED002D28F5 /* restartAppApp.swift */,
				9847DED02A37A6E3002D28F5 /* Screens */,
				9847DEBD2A37A3FA002D28F5 /* Assets.xcassets */,
				9847DEC22A37A3FA002D28F5 /* Info.plist */,
				9847DEBF2A37A3FA002D28F5 /* Preview Content */,
			);
			path = restartApp;
			sourceTree = "<group>";
		};
		9847DEBF2A37A3FA002D28F5 /* Preview Content */ = {
			isa = PBXGroup;
			children = (
				9847DEC02A37A3FA002D28F5 /* Preview Assets.xcassets */,
			);
			path = "Preview Content";
			sourceTree = "<group>";
		};
		9847DECE2A37A5DE002D28F5 /* Sounds */ = {
			isa = PBXGroup;
			children = (
				9847DECA2A37A5D1002D28F5 /* chimeup.mp3 */,
				9847DEC92A37A5D1002D28F5 /* success.m4a */,
			);
			path = Sounds;
			sourceTree = "<group>";
		};
		9847DED02A37A6E3002D28F5 /* Screens */ = {
			isa = PBXGroup;
			children = (
				9847DEBB2A37A3ED002D28F5 /* ContentView.swift */,
				9847DED82A37A8D1002D28F5 /* OnboardingView.swift */,
				9847DEDB2A37A8EA002D28F5 /* HomeView.swift */,
			);
			path = Screens;
			sourceTree = "<group>";
		};
		9847DED22A37A6EE002D28F5 /* Views */ = {
			isa = PBXGroup;
			children = (
			);
			path = Views;
			sourceTree = "<group>";
		};
		9847DED32A37A6FC002D28F5 /* Utils */ = {
			isa = PBXGroup;
			children = (
			);
			path = Utils;
			sourceTree = "<group>";
		};
/* End PBXGroup section */

/* Begin PBXNativeTarget section */
		9847DEB52A37A3ED002D28F5 /* restartApp */ = {
			isa = PBXNativeTarget;
			buildConfigurationList = 9847DEC52A37A3FA002D28F5 /* Build configuration list for PBXNativeTarget "restartApp" */;
			buildPhases = (
				9847DEB22A37A3ED002D28F5 /* Sources */,
				9847DEB32A37A3ED002D28F5 /* Frameworks */,
				9847DEB42A37A3ED002D28F5 /* Resources */,
			);
			buildRules = (
			);
			dependencies = (
			);
			name = restartApp;
			productName = restartApp;
			productReference = 9847DEB62A37A3ED002D28F5 /* restartApp.app */;
			productType = "com.apple.product-type.application";
		};
/* End PBXNativeTarget section */

/* Begin PBXProject section */
		9847DEAE2A37A3ED002D28F5 /* Project object */ = {
			isa = PBXProject;
			attributes = {
				LastSwiftUpdateCheck = 1220;
				LastUpgradeCheck = 1220;
				TargetAttributes = {
					9847DEB52A37A3ED002D28F5 = {
						CreatedOnToolsVersion = 12.2;
					};
				};
			};
			buildConfigurationList = 9847DEB12A37A3ED002D28F5 /* Build configuration list for PBXProject "restartApp" */;
			compatibilityVersion = "Xcode 9.3";
			developmentRegion = en;
			hasScannedForEncodings = 0;
			knownRegions = (
				en,
				Base,
			);
			mainGroup = 9847DEAD2A37A3ED002D28F5;
			productRefGroup = 9847DEB72A37A3ED002D28F5 /* Products */;
			projectDirPath = "";
			projectRoot = "";
			targets = (
				9847DEB52A37A3ED002D28F5 /* restartApp */,
			);
		};
/* End PBXProject section */

/* Begin PBXResourcesBuildPhase section */
		9847DEB42A37A3ED002D28F5 /* Resources */ = {
			isa = PBXResourcesBuildPhase;
			buildActionMask = 2147483647;
			files = (
				9847DECC2A37A5D1002D28F5 /* chimeup.mp3 in Resources */,
				9847DEC12A37A3FA002D28F5 /* Preview Assets.xcassets in Resources */,
				9847DECB2A37A5D1002D28F5 /* success.m4a in Resources */,
				9847DEBE2A37A3FA002D28F5 /* Assets.xcassets in Resources */,
			);
			runOnlyForDeploymentPostprocessing = 0;
		};
/* End PBXResourcesBuildPhase section */

/* Begin PBXSourcesBuildPhase section */
		9847DEB22A37A3ED002D28F5 /* Sources */ = {
			isa = PBXSourcesBuildPhase;
			buildActionMask = 2147483647;
			files = (
				9847DED92A37A8D1002D28F5 /* OnboardingView.swift in Sources */,
				9847DEDC2A37A8EA002D28F5 /* HomeView.swift in Sources */,
				9847DEBC2A37A3ED002D28F5 /* ContentView.swift in Sources */,
				9847DEBA2A37A3ED002D28F5 /* restartAppApp.swift in Sources */,
			);
			runOnlyForDeploymentPostprocessing = 0;
		};
/* End PBXSourcesBuildPhase section */

/* Begin XCBuildConfiguration section */
		9847DEC32A37A3FA002D28F5 /* Debug */ = {
			isa = XCBuildConfiguration;
			buildSettings = {
				ALWAYS_SEARCH_USER_PATHS = NO;
				CLANG_ANALYZER_NONNULL = YES;
				CLANG_ANALYZER_NUMBER_OBJECT_CONVERSION = YES_AGGRESSIVE;
				CLANG_CXX_LANGUAGE_STANDARD = "gnu++14";
				CLANG_CXX_LIBRARY = "libc++";
				CLANG_ENABLE_MODULES = YES;
				CLANG_ENABLE_OBJC_ARC = YES;
				CLANG_ENABLE_OBJC_WEAK = YES;
				CLANG_WARN_BLOCK_CAPTURE_AUTORELEASING = YES;
				CLANG_WARN_BOOL_CONVERSION = YES;
				CLANG_WARN_COMMA = YES;
				CLANG_WARN_CONSTANT_CONVERSION = YES;
				CLANG_WARN_DEPRECATED_OBJC_IMPLEMENTATIONS = YES;
				CLANG_WARN_DIRECT_OBJC_ISA_USAGE = YES_ERROR;
				CLANG_WARN_DOCUMENTATION_COMMENTS = YES;
				CLANG_WARN_EMPTY_BODY = YES;
				CLANG_WARN_ENUM_CONVERSION = YES;
				CLANG_WARN_INFINITE_RECURSION = YES;
				CLANG_WARN_INT_CONVERSION = YES;
				CLANG_WARN_NON_LITERAL_NULL_CONVERSION = YES;
				CLANG_WARN_OBJC_IMPLICIT_RETAIN_SELF = YES;
				CLANG_WARN_OBJC_LITERAL_CONVERSION = YES;
				CLANG_WARN_OBJC_ROOT_CLASS = YES_ERROR;
				CLANG_WARN_QUOTED_INCLUDE_IN_FRAMEWORK_HEADER = YES;
				CLANG_WARN_RANGE_LOOP_ANALYSIS = YES;
				CLANG_WARN_STRICT_PROTOTYPES = YES;
				CLANG_WARN_SUSPICIOUS_MOVE = YES;
				CLANG_WARN_UNGUARDED_AVAILABILITY = YES_AGGRESSIVE;
				CLANG_WARN_UNREACHABLE_CODE = YES;
				CLANG_WARN__DUPLICATE_METHOD_MATCH = YES;
				COPY_PHASE_STRIP = NO;
				DEBUG_INFORMATION_FORMAT = dwarf;
				ENABLE_STRICT_OBJC_MSGSEND = YES;
				ENABLE_TESTABILITY = YES;
				GCC_C_LANGUAGE_STANDARD = gnu11;
				GCC_DYNAMIC_NO_PIC = NO;
				GCC_NO_COMMON_BLOCKS = YES;
				GCC_OPTIMIZATION_LEVEL = 0;
				GCC_PREPROCESSOR_DEFINITIONS = (
					"DEBUG=1",
					"$(inherited)",
				);
				GCC_WARN_64_TO_32_BIT_CONVERSION = YES;
				GCC_WARN_ABOUT_RETURN_TYPE = YES_ERROR;
				GCC_WARN_UNDECLARED_SELECTOR = YES;
				GCC_WARN_UNINITIALIZED_AUTOS = YES_AGGRESSIVE;
				GCC_WARN_UNUSED_FUNCTION = YES;
				GCC_WARN_UNUSED_VARIABLE = YES;
				IPHONEOS_DEPLOYMENT_TARGET = 14.2;
				MTL_ENABLE_DEBUG_INFO = INCLUDE_SOURCE;
				MTL_FAST_MATH = YES;
				ONLY_ACTIVE_ARCH = YES;
				SDKROOT = iphoneos;
				SWIFT_ACTIVE_COMPILATION_CONDITIONS = DEBUG;
				SWIFT_OPTIMIZATION_LEVEL = "-Onone";
			};
			name = Debug;
		};
		9847DEC42A37A3FA002D28F5 /* Release */ = {
			isa = XCBuildConfiguration;
			buildSettings = {
				ALWAYS_SEARCH_USER_PATHS = NO;
				CLANG_ANALYZER_NONNULL = YES;
				CLANG_ANALYZER_NUMBER_OBJECT_CONVERSION = YES_AGGRESSIVE;
				CLANG_CXX_LANGUAGE_STANDARD = "gnu++14";
				CLANG_CXX_LIBRARY = "libc++";
				CLANG_ENABLE_MODULES = YES;
				CLANG_ENABLE_OBJC_ARC = YES;
				CLANG_ENABLE_OBJC_WEAK = YES;
				CLANG_WARN_BLOCK_CAPTURE_AUTORELEASING = YES;
				CLANG_WARN_BOOL_CONVERSION = YES;
				CLANG_WARN_COMMA = YES;
				CLANG_WARN_CONSTANT_CONVERSION = YES;
				CLANG_WARN_DEPRECATED_OBJC_IMPLEMENTATIONS = YES;
				CLANG_WARN_DIRECT_OBJC_ISA_USAGE = YES_ERROR;
				CLANG_WARN_DOCUMENTATION_COMMENTS = YES;
				CLANG_WARN_EMPTY_BODY = YES;
				CLANG_WARN_ENUM_CONVERSION = YES;
				CLANG_WARN_INFINITE_RECURSION = YES;
				CLANG_WARN_INT_CONVERSION = YES;
				CLANG_WARN_NON_LITERAL_NULL_CONVERSION = YES;
				CLANG_WARN_OBJC_IMPLICIT_RETAIN_SELF = YES;
				CLANG_WARN_OBJC_LITERAL_CONVERSION = YES;
				CLANG_WARN_OBJC_ROOT_CLASS = YES_ERROR;
				CLANG_WARN_QUOTED_INCLUDE_IN_FRAMEWORK_HEADER = YES;
				CLANG_WARN_RANGE_LOOP_ANALYSIS = YES;
				CLANG_WARN_STRICT_PROTOTYPES = YES;
				CLANG_WARN_SUSPICIOUS_MOVE = YES;
				CLANG_WARN_UNGUARDED_AVAILABILITY = YES_AGGRESSIVE;
				CLANG_WARN_UNREACHABLE_CODE = YES;
				CLANG_WARN__DUPLICATE_METHOD_MATCH = YES;
				COPY_PHASE_STRIP = NO;
				DEBUG_INFORMATION_FORMAT = "dwarf-with-dsym";
				ENABLE_NS_ASSERTIONS = NO;
				ENABLE_STRICT_OBJC_MSGSEND = YES;
				GCC_C_LANGUAGE_STANDARD = gnu11;
				GCC_NO_COMMON_BLOCKS = YES;
				GCC_WARN_64_TO_32_BIT_CONVERSION = YES;
				GCC_WARN_ABOUT_RETURN_TYPE = YES_ERROR;
				GCC_WARN_UNDECLARED_SELECTOR = YES;
				GCC_WARN_UNINITIALIZED_AUTOS = YES_AGGRESSIVE;
				GCC_WARN_UNUSED_FUNCTION = YES;
				GCC_WARN_UNUSED_VARIABLE = YES;
				IPHONEOS_DEPLOYMENT_TARGET = 14.2;
				MTL_ENABLE_DEBUG_INFO = NO;
				MTL_FAST_MATH = YES;
				SDKROOT = iphoneos;
				SWIFT_COMPILATION_MODE = wholemodule;
				SWIFT_OPTIMIZATION_LEVEL = "-O";
				VALIDATE_PRODUCT = YES;
			};
			name = Release;
		};
		9847DEC62A37A3FA002D28F5 /* Debug */ = {
			isa = XCBuildConfiguration;
			buildSettings = {
				ASSETCATALOG_COMPILER_APPICON_NAME = AppIcon;
				ASSETCATALOG_COMPILER_GLOBAL_ACCENT_COLOR_NAME = AccentColor;
				CODE_SIGN_STYLE = Automatic;
				DEVELOPMENT_ASSET_PATHS = "\"restartApp/Preview Content\"";
				DEVELOPMENT_TEAM = GP7PLHRNR3;
				ENABLE_PREVIEWS = YES;
				INFOPLIST_FILE = restartApp/Info.plist;
				IPHONEOS_DEPLOYMENT_TARGET = 14.2;
				LD_RUNPATH_SEARCH_PATHS = (
					"$(inherited)",
					"@executable_path/Frameworks",
				);
				PRODUCT_BUNDLE_IDENTIFIER = com.danielV.restartApp;
				PRODUCT_NAME = "$(TARGET_NAME)";
				SWIFT_VERSION = 5.0;
				TARGETED_DEVICE_FAMILY = 1;
			};
			name = Debug;
		};
		9847DEC72A37A3FA002D28F5 /* Release */ = {
			isa = XCBuildConfiguration;
			buildSettings = {
				ASSETCATALOG_COMPILER_APPICON_NAME = AppIcon;
				ASSETCATALOG_COMPILER_GLOBAL_ACCENT_COLOR_NAME = AccentColor;
				CODE_SIGN_STYLE = Automatic;
				DEVELOPMENT_ASSET_PATHS = "\"restartApp/Preview Content\"";
				DEVELOPMENT_TEAM = GP7PLHRNR3;
				ENABLE_PREVIEWS = YES;
				INFOPLIST_FILE = restartApp/Info.plist;
				IPHONEOS_DEPLOYMENT_TARGET = 14.2;
				LD_RUNPATH_SEARCH_PATHS = (
					"$(inherited)",
					"@executable_path/Frameworks",
				);
				PRODUCT_BUNDLE_IDENTIFIER = com.danielV.restartApp;
				PRODUCT_NAME = "$(TARGET_NAME)";
				SWIFT_VERSION = 5.0;
				TARGETED_DEVICE_FAMILY = 1;
			};
			name = Release;
		};
/* End XCBuildConfiguration section */

/* Begin XCConfigurationList section */
		9847DEB12A37A3ED002D28F5 /* Build configuration list for PBXProject "restartApp" */ = {
			isa = XCConfigurationList;
			buildConfigurations = (
				9847DEC32A37A3FA002D28F5 /* Debug */,
				9847DEC42A37A3FA002D28F5 /* Release */,
			);
			defaultConfigurationIsVisible = 0;
			defaultConfigurationName = Release;
		};
		9847DEC52A37A3FA002D28F5 /* Build configuration list for PBXNativeTarget "restartApp" */ = {
			isa = XCConfigurationList;
			buildConfigurations = (
				9847DEC62A37A3FA002D28F5 /* Debug */,
				9847DEC72A37A3FA002D28F5 /* Release */,
			);
			defaultConfigurationIsVisible = 0;
			defaultConfigurationName = Release;
		};
/* End XCConfigurationList section */
	};
	rootObject = 9847DEAE2A37A3ED002D28F5 /* Project object */;
}
